
Microsoft Visual Studio Solution File, Format Version 12.00
# Visual Studio 15
VisualStudioVersion = 15.0.27428.2037
MinimumVisualStudioVersion = 10.0.40219.1
Project("{FAE04EC0-301F-11D3-BF4B-00C04F79EFBC}") = "TheBiometricWeb", "TheBiometricWeb\TheBiometricWeb.csproj", "{21298877-FF8A-4DE2-9C68-F90144A1ACB1}"
EndProject
Global
	GlobalSection(SolutionConfigurationPlatforms) = preSolution
		Debug|Any CPU = Debug|Any CPU
		Release|Any CPU = Release|Any CPU
	EndGlobalSection
	GlobalSection(ProjectConfigurationPlatforms) = postSolution
		{21298877-FF8A-4DE2-9C68-F90144A1ACB1}.Debug|Any CPU.ActiveCfg = Debug|Any CPU
		{21298877-FF8A-4DE2-9C68-F90144A1ACB1}.Debug|Any CPU.Build.0 = Debug|Any CPU
		{21298877-FF8A-4DE2-9C68-F90144A1ACB1}.Release|Any CPU.ActiveCfg = Release|Any CPU
		{21298877-FF8A-4DE2-9C68-F90144A1ACB1}.Release|Any CPU.Build.0 = Release|Any CPU
	EndGlobalSection
	GlobalSection(SolutionProperties) = preSolution
		HideSolutionNode = FALSE
	EndGlobalSection
	GlobalSection(ExtensibilityGlobals) = postSolution
		SolutionGuid = {24BAC3BC-4C4E-43AA-9469-C0D97FDCB75D}
	EndGlobalSection
EndGlobal
